
Microsoft Visual Studio Solution File, Format Version 12.00
# Visual Studio 15
VisualStudioVersion = 15.0.28307.438
MinimumVisualStudioVersion = 10.0.40219.1
Project("{FAE04EC0-301F-11D3-BF4B-00C04F79EFBC}") = "AStar PathFinding Alg", "WindowsFormsApp1\AStar PathFinding Alg.csproj", "{24199F99-8FB5-48C2-8B01-7173CD8CBF5F}"
EndProject
Project("{2150E333-8FDC-42A3-9474-1A3956D46DE8}") = "Solution Items", "Solution Items", "{7B17FE5D-F279-40B5-82F7-FF00044731E9}"
EndProject
Global
	GlobalSection(SolutionConfigurationPlatforms) = preSolution
		Debug|Any CPU = Debug|Any CPU
		Release|Any CPU = Release|Any CPU
	EndGlobalSection
	GlobalSection(ProjectConfigurationPlatforms) = postSolution
		{24199F99-8FB5-48C2-8B01-7173CD8CBF5F}.Debug|Any CPU.ActiveCfg = Debug|Any CPU
		{24199F99-8FB5-48C2-8B01-7173CD8CBF5F}.Debug|Any CPU.Build.0 = Debug|Any CPU
		{24199F99-8FB5-48C2-8B01-7173CD8CBF5F}.Release|Any CPU.ActiveCfg = Release|Any CPU
		{24199F99-8FB5-48C2-8B01-7173CD8CBF5F}.Release|Any CPU.Build.0 = Release|Any CPU
	EndGlobalSection
	GlobalSection(SolutionProperties) = preSolution
		HideSolutionNode = FALSE
	EndGlobalSection
	GlobalSection(ExtensibilityGlobals) = postSolution
		SolutionGuid = {672C5BBF-E07C-4B8F-97B7-7E5605ADA45E}
	EndGlobalSection
EndGlobal
